// !$*UTF8*$!
{
	archiveVersion = 1;
	classes = {
	};
	objectVersion = 50;
	objects = {

/* Begin PBXBuildFile section */
		CE4E7BC824129E5C00685F50 /* GameView.m in Sources */ = {isa = PBXBuildFile; fileRef = CE4E7BC724129E5C00685F50 /* GameView.m */; };
		CE4E7BCB2412D9C000685F50 /* GameObstacle.m in Sources */ = {isa = PBXBuildFile; fileRef = CE4E7BCA2412D9C000685F50 /* GameObstacle.m */; };
		CE50CA73241437A90099FD0A /* bumpitup.ttf in Resources */ = {isa = PBXBuildFile; fileRef = CE50CA72241436030099FD0A /* bumpitup.ttf */; };
		CEB90B9B24102FFD00A06D7A /* AppDelegate.m in Sources */ = {isa = PBXBuildFile; fileRef = CEB90B9A24102FFD00A06D7A /* AppDelegate.m */; };
		CEB90B9E24102FFD00A06D7A /* SceneDelegate.m in Sources */ = {isa = PBXBuildFile; fileRef = CEB90B9D24102FFD00A06D7A /* SceneDelegate.m */; };
		CEB90BA124102FFD00A06D7A /* ViewController.m in Sources */ = {isa = PBXBuildFile; fileRef = CEB90BA024102FFD00A06D7A /* ViewController.m */; };
		CEB90BA624102FFE00A06D7A /* Assets.xcassets in Resources */ = {isa = PBXBuildFile; fileRef = CEB90BA524102FFE00A06D7A /* Assets.xcassets */; };
		CEB90BA924102FFE00A06D7A /* LaunchScreen.storyboard in Resources */ = {isa = PBXBuildFile; fileRef = CEB90BA724102FFE00A06D7A /* LaunchScreen.storyboard */; };
		CEB90BAC24102FFE00A06D7A /* main.m in Sources */ = {isa = PBXBuildFile; fileRef = CEB90BAB24102FFE00A06D7A /* main.m */; };
		CEDD964E241414BF0005F388 /* music.mp3 in Resources */ = {isa = PBXBuildFile; fileRef = CEDD964D241414BF0005F388 /* music.mp3 */; };
		CEDE81FD2414F3C5003B1836 /* bumpitup.license.txt in Resources */ = {isa = PBXBuildFile; fileRef = CEDE81FC2414F3C5003B1836 /* bumpitup.license.txt */; };
		CEFE7FD12413D3CC0059D4B3 /* FakeTouch.m in Sources */ = {isa = PBXBuildFile; fileRef = CEFE7FD02413D3CC0059D4B3 /* FakeTouch.m */; };
/* End PBXBuildFile section */

/* Begin PBXFileReference section */
		CE2C24B52411711F00F98191 /* hexagonest.entitlements */ = {isa = PBXFileReference; lastKnownFileType = text.plist.entitlements; path = hexagonest.entitlements; sourceTree = "<group>"; };
		CE4E7BC624129E5C00685F50 /* GameView.h */ = {isa = PBXFileReference; lastKnownFileType = sourcecode.c.h; path = GameView.h; sourceTree = "<group>"; };
		CE4E7BC724129E5C00685F50 /* GameView.m */ = {isa = PBXFileReference; lastKnownFileType = sourcecode.c.objc; path = GameView.m; sourceTree = "<group>"; };
		CE4E7BC92412D9C000685F50 /* GameObstacle.h */ = {isa = PBXFileReference; lastKnownFileType = sourcecode.c.h; path = GameObstacle.h; sourceTree = "<group>"; };
		CE4E7BCA2412D9C000685F50 /* GameObstacle.m */ = {isa = PBXFileReference; lastKnownFileType = sourcecode.c.objc; path = GameObstacle.m; sourceTree = "<group>"; };
		CE50CA72241436030099FD0A /* bumpitup.ttf */ = {isa = PBXFileReference; lastKnownFileType = file; path = bumpitup.ttf; sourceTree = "<group>"; };
		CEB90B9624102FFD00A06D7A /* hexagonest.app */ = {isa = PBXFileReference; explicitFileType = wrapper.application; includeInIndex = 0; path = hexagonest.app; sourceTree = BUILT_PRODUCTS_DIR; };
		CEB90B9924102FFD00A06D7A /* AppDelegate.h */ = {isa = PBXFileReference; lastKnownFileType = sourcecode.c.h; path = AppDelegate.h; sourceTree = "<group>"; };
		CEB90B9A24102FFD00A06D7A /* AppDelegate.m */ = {isa = PBXFileReference; lastKnownFileType = sourcecode.c.objc; path = AppDelegate.m; sourceTree = "<group>"; };
		CEB90B9C24102FFD00A06D7A /* SceneDelegate.h */ = {isa = PBXFileReference; lastKnownFileType = sourcecode.c.h; path = SceneDelegate.h; sourceTree = "<group>"; };
		CEB90B9D24102FFD00A06D7A /* SceneDelegate.m */ = {isa = PBXFileReference; lastKnownFileType = sourcecode.c.objc; path = SceneDelegate.m; sourceTree = "<group>"; };
		CEB90B9F24102FFD00A06D7A /* ViewController.h */ = {isa = PBXFileReference; lastKnownFileType = sourcecode.c.h; path = ViewController.h; sourceTree = "<group>"; };
		CEB90BA024102FFD00A06D7A /* ViewController.m */ = {isa = PBXFileReference; lastKnownFileType = sourcecode.c.objc; path = ViewController.m; sourceTree = "<group>"; };
		CEB90BA524102FFE00A06D7A /* Assets.xcassets */ = {isa = PBXFileReference; lastKnownFileType = folder.assetcatalog; path = Assets.xcassets; sourceTree = "<group>"; };
		CEB90BA824102FFE00A06D7A /* Base */ = {isa = PBXFileReference; lastKnownFileType = file.storyboard; name = Base; path = Base.lproj/LaunchScreen.storyboard; sourceTree = "<group>"; };
		CEB90BAA24102FFE00A06D7A /* Info.plist */ = {isa = PBXFileReference; lastKnownFileType = text.plist.xml; path = Info.plist; sourceTree = "<group>"; };
		CEB90BAB24102FFE00A06D7A /* main.m */ = {isa = PBXFileReference; lastKnownFileType = sourcecode.c.objc; path = main.m; sourceTree = "<group>"; };
		CEDD964D241414BF0005F388 /* music.mp3 */ = {isa = PBXFileReference; lastKnownFileType = audio.mp3; path = music.mp3; sourceTree = "<group>"; };
		CEDE81FC2414F3C5003B1836 /* bumpitup.license.txt */ = {isa = PBXFileReference; lastKnownFileType = text; path = bumpitup.license.txt; sourceTree = "<group>"; };
		CEFE7FCF2413D3CC0059D4B3 /* FakeTouch.h */ = {isa = PBXFileReference; lastKnownFileType = sourcecode.c.h; path = FakeTouch.h; sourceTree = "<group>"; };
		CEFE7FD02413D3CC0059D4B3 /* FakeTouch.m */ = {isa = PBXFileReference; lastKnownFileType = sourcecode.c.objc; path = FakeTouch.m; sourceTree = "<group>"; };
/* End PBXFileReference section */

/* Begin PBXFrameworksBuildPhase section */
		CEB90B9324102FFD00A06D7A /* Frameworks */ = {
			isa = PBXFrameworksBuildPhase;
			buildActionMask = 2147483647;
			files = (
			);
			runOnlyForDeploymentPostprocessing = 0;
		};
/* End PBXFrameworksBuildPhase section */

/* Begin PBXGroup section */
		CEB90B8D24102FFC00A06D7A = {
			isa = PBXGroup;
			children = (
				CEB90B9824102FFD00A06D7A /* hexagonest */,
				CEB90B9724102FFD00A06D7A /* Products */,
			);
			sourceTree = "<group>";
		};
		CEB90B9724102FFD00A06D7A /* Products */ = {
			isa = PBXGroup;
			children = (
				CEB90B9624102FFD00A06D7A /* hexagonest.app */,
			);
			name = Products;
			sourceTree = "<group>";
		};
		CEB90B9824102FFD00A06D7A /* hexagonest */ = {
			isa = PBXGroup;
			children = (
				CE2C24B52411711F00F98191 /* hexagonest.entitlements */,
				CEB90B9924102FFD00A06D7A /* AppDelegate.h */,
				CEB90B9A24102FFD00A06D7A /* AppDelegate.m */,
				CEB90B9C24102FFD00A06D7A /* SceneDelegate.h */,
				CEB90B9D24102FFD00A06D7A /* SceneDelegate.m */,
				CEB90B9F24102FFD00A06D7A /* ViewController.h */,
				CEB90BA024102FFD00A06D7A /* ViewController.m */,
				CEB90BA524102FFE00A06D7A /* Assets.xcassets */,
				CEB90BA724102FFE00A06D7A /* LaunchScreen.storyboard */,
				CEB90BAA24102FFE00A06D7A /* Info.plist */,
				CEB90BAB24102FFE00A06D7A /* main.m */,
				CE4E7BC624129E5C00685F50 /* GameView.h */,
				CE4E7BC724129E5C00685F50 /* GameView.m */,
				CE4E7BC92412D9C000685F50 /* GameObstacle.h */,
				CE4E7BCA2412D9C000685F50 /* GameObstacle.m */,
				CEFE7FCF2413D3CC0059D4B3 /* FakeTouch.h */,
				CEFE7FD02413D3CC0059D4B3 /* FakeTouch.m */,
				CEDD964D241414BF0005F388 /* music.mp3 */,
				CE50CA72241436030099FD0A /* bumpitup.ttf */,
				CEDE81FC2414F3C5003B1836 /* bumpitup.license.txt */,
			);
			path = hexagonest;
			sourceTree = "<group>";
		};
/* End PBXGroup section */

/* Begin PBXNativeTarget section */
		CEB90B9524102FFD00A06D7A /* hexagonest */ = {
			isa = PBXNativeTarget;
			buildConfigurationList = CEB90BAF24102FFE00A06D7A /* Build configuration list for PBXNativeTarget "hexagonest" */;
			buildPhases = (
				CEB90B9224102FFD00A06D7A /* Sources */,
				CEB90B9324102FFD00A06D7A /* Frameworks */,
				CEB90B9424102FFD00A06D7A /* Resources */,
			);
			buildRules = (
			);
			dependencies = (
			);
			name = hexagonest;
			productName = hexagonest;
			productReference = CEB90B9624102FFD00A06D7A /* hexagonest.app */;
			productType = "com.apple.product-type.application";
		};
/* End PBXNativeTarget section */

/* Begin PBXProject section */
		CEB90B8E24102FFC00A06D7A /* Project object */ = {
			isa = PBXProject;
			attributes = {
				LastUpgradeCheck = 1130;
				ORGANIZATIONNAME = PixelOmer;
				TargetAttributes = {
					CEB90B9524102FFD00A06D7A = {
						CreatedOnToolsVersion = 11.3.1;
					};
				};
			};
			buildConfigurationList = CEB90B9124102FFC00A06D7A /* Build configuration list for PBXProject "hexagonest" */;
			compatibilityVersion = "Xcode 9.3";
			developmentRegion = en;
			hasScannedForEncodings = 0;
			knownRegions = (
				en,
				Base,
			);
			mainGroup = CEB90B8D24102FFC00A06D7A;
			productRefGroup = CEB90B9724102FFD00A06D7A /* Products */;
			projectDirPath = "";
			projectRoot = "";
			targets = (
				CEB90B9524102FFD00A06D7A /* hexagonest */,
			);
		};
/* End PBXProject section */

/* Begin PBXResourcesBuildPhase section */
		CEB90B9424102FFD00A06D7A /* Resources */ = {
			isa = PBXResourcesBuildPhase;
			buildActionMask = 2147483647;
			files = (
				CEB90BA924102FFE00A06D7A /* LaunchScreen.storyboard in Resources */,
				CEB90BA624102FFE00A06D7A /* Assets.xcassets in Resources */,
				CEDE81FD2414F3C5003B1836 /* bumpitup.license.txt in Resources */,
				CE50CA73241437A90099FD0A /* bumpitup.ttf in Resources */,
				CEDD964E241414BF0005F388 /* music.mp3 in Resources */,
			);
			runOnlyForDeploymentPostprocessing = 0;
		};
/* End PBXResourcesBuildPhase section */

/* Begin PBXSourcesBuildPhase section */
		CEB90B9224102FFD00A06D7A /* Sources */ = {
			isa = PBXSourcesBuildPhase;
			buildActionMask = 2147483647;
			files = (
				CEB90BA124102FFD00A06D7A /* ViewController.m in Sources */,
				CEFE7FD12413D3CC0059D4B3 /* FakeTouch.m in Sources */,
				CE4E7BC824129E5C00685F50 /* GameView.m in Sources */,
				CE4E7BCB2412D9C000685F50 /* GameObstacle.m in Sources */,
				CEB90B9B24102FFD00A06D7A /* AppDelegate.m in Sources */,
				CEB90BAC24102FFE00A06D7A /* main.m in Sources */,
				CEB90B9E24102FFD00A06D7A /* SceneDelegate.m in Sources */,
			);
			runOnlyForDeploymentPostprocessing = 0;
		};
/* End PBXSourcesBuildPhase section */

/* Begin PBXVariantGroup section */
		CEB90BA724102FFE00A06D7A /* LaunchScreen.storyboard */ = {
			isa = PBXVariantGroup;
			children = (
				CEB90BA824102FFE00A06D7A /* Base */,
			);
			name = LaunchScreen.storyboard;
			sourceTree = "<group>";
		};
/* End PBXVariantGroup section */

/* Begin XCBuildConfiguration section */
		CEB90BAD24102FFE00A06D7A /* Debug */ = {
			isa = XCBuildConfiguration;
			buildSettings = {
				ALWAYS_SEARCH_USER_PATHS = NO;
				CLANG_ANALYZER_NONNULL = YES;
				CLANG_ANALYZER_NUMBER_OBJECT_CONVERSION = YES_AGGRESSIVE;
				CLANG_CXX_LANGUAGE_STANDARD = "gnu++14";
				CLANG_CXX_LIBRARY = "libc++";
				CLANG_ENABLE_MODULES = YES;
				CLANG_ENABLE_OBJC_ARC = YES;
				CLANG_ENABLE_OBJC_WEAK = YES;
				CLANG_WARN_BLOCK_CAPTURE_AUTORELEASING = YES;
				CLANG_WARN_BOOL_CONVERSION = YES;
				CLANG_WARN_COMMA = YES;
				CLANG_WARN_CONSTANT_CONVERSION = YES;
				CLANG_WARN_DEPRECATED_OBJC_IMPLEMENTATIONS = YES;
				CLANG_WARN_DIRECT_OBJC_ISA_USAGE = YES_ERROR;
				CLANG_WARN_DOCUMENTATION_COMMENTS = YES;
				CLANG_WARN_EMPTY_BODY = YES;
				CLANG_WARN_ENUM_CONVERSION = YES;
				CLANG_WARN_INFINITE_RECURSION = YES;
				CLANG_WARN_INT_CONVERSION = YES;
				CLANG_WARN_NON_LITERAL_NULL_CONVERSION = YES;
				CLANG_WARN_OBJC_IMPLICIT_RETAIN_SELF = YES;
				CLANG_WARN_OBJC_LITERAL_CONVERSION = YES;
				CLANG_WARN_OBJC_ROOT_CLASS = YES_ERROR;
				CLANG_WARN_RANGE_LOOP_ANALYSIS = YES;
				CLANG_WARN_STRICT_PROTOTYPES = YES;
				CLANG_WARN_SUSPICIOUS_MOVE = YES;
				CLANG_WARN_UNGUARDED_AVAILABILITY = YES_AGGRESSIVE;
				CLANG_WARN_UNREACHABLE_CODE = YES;
				CLANG_WARN__DUPLICATE_METHOD_MATCH = YES;
				COPY_PHASE_STRIP = NO;
				DEBUG_INFORMATION_FORMAT = dwarf;
				ENABLE_STRICT_OBJC_MSGSEND = YES;
				ENABLE_TESTABILITY = YES;
				GCC_C_LANGUAGE_STANDARD = gnu11;
				GCC_DYNAMIC_NO_PIC = NO;
				GCC_NO_COMMON_BLOCKS = YES;
				GCC_OPTIMIZATION_LEVEL = 0;
				GCC_PREPROCESSOR_DEFINITIONS = (
					"DEBUG=1",
					"$(inherited)",
				);
				GCC_WARN_64_TO_32_BIT_CONVERSION = YES;
				GCC_WARN_ABOUT_RETURN_TYPE = YES_ERROR;
				GCC_WARN_UNDECLARED_SELECTOR = YES;
				GCC_WARN_UNINITIALIZED_AUTOS = YES_AGGRESSIVE;
				GCC_WARN_UNUSED_FUNCTION = YES;
				GCC_WARN_UNUSED_VARIABLE = YES;
				IPHONEOS_DEPLOYMENT_TARGET = 13.2;
				MTL_ENABLE_DEBUG_INFO = INCLUDE_SOURCE;
				MTL_FAST_MATH = YES;
				ONLY_ACTIVE_ARCH = YES;
				SDKROOT = iphoneos;
			};
			name = Debug;
		};
		CEB90BAE24102FFE00A06D7A /* Release */ = {
			isa = XCBuildConfiguration;
			buildSettings = {
				ALWAYS_SEARCH_USER_PATHS = NO;
				CLANG_ANALYZER_NONNULL = YES;
				CLANG_ANALYZER_NUMBER_OBJECT_CONVERSION = YES_AGGRESSIVE;
				CLANG_CXX_LANGUAGE_STANDARD = "gnu++14";
				CLANG_CXX_LIBRARY = "libc++";
				CLANG_ENABLE_MODULES = YES;
				CLANG_ENABLE_OBJC_ARC = YES;
				CLANG_ENABLE_OBJC_WEAK = YES;
				CLANG_WARN_BLOCK_CAPTURE_AUTORELEASING = YES;
				CLANG_WARN_BOOL_CONVERSION = YES;
				CLANG_WARN_COMMA = YES;
				CLANG_WARN_CONSTANT_CONVERSION = YES;
				CLANG_WARN_DEPRECATED_OBJC_IMPLEMENTATIONS = YES;
				CLANG_WARN_DIRECT_OBJC_ISA_USAGE = YES_ERROR;
				CLANG_WARN_DOCUMENTATION_COMMENTS = YES;
				CLANG_WARN_EMPTY_BODY = YES;
				CLANG_WARN_ENUM_CONVERSION = YES;
				CLANG_WARN_INFINITE_RECURSION = YES;
				CLANG_WARN_INT_CONVERSION = YES;
				CLANG_WARN_NON_LITERAL_NULL_CONVERSION = YES;
				CLANG_WARN_OBJC_IMPLICIT_RETAIN_SELF = YES;
				CLANG_WARN_OBJC_LITERAL_CONVERSION = YES;
				CLANG_WARN_OBJC_ROOT_CLASS = YES_ERROR;
				CLANG_WARN_RANGE_LOOP_ANALYSIS = YES;
				CLANG_WARN_STRICT_PROTOTYPES = YES;
				CLANG_WARN_SUSPICIOUS_MOVE = YES;
				CLANG_WARN_UNGUARDED_AVAILABILITY = YES_AGGRESSIVE;
				CLANG_WARN_UNREACHABLE_CODE = YES;
				CLANG_WARN__DUPLICATE_METHOD_MATCH = YES;
				COPY_PHASE_STRIP = NO;
				DEBUG_INFORMATION_FORMAT = "dwarf-with-dsym";
				ENABLE_NS_ASSERTIONS = NO;
				ENABLE_STRICT_OBJC_MSGSEND = YES;
				GCC_C_LANGUAGE_STANDARD = gnu11;
				GCC_NO_COMMON_BLOCKS = YES;
				GCC_WARN_64_TO_32_BIT_CONVERSION = YES;
				GCC_WARN_ABOUT_RETURN_TYPE = YES_ERROR;
				GCC_WARN_UNDECLARED_SELECTOR = YES;
				GCC_WARN_UNINITIALIZED_AUTOS = YES_AGGRESSIVE;
				GCC_WARN_UNUSED_FUNCTION = YES;
				GCC_WARN_UNUSED_VARIABLE = YES;
				IPHONEOS_DEPLOYMENT_TARGET = 13.2;
				MTL_ENABLE_DEBUG_INFO = NO;
				MTL_FAST_MATH = YES;
				SDKROOT = iphoneos;
				VALIDATE_PRODUCT = YES;
			};
			name = Release;
		};
		CEB90BB024102FFE00A06D7A /* Debug */ = {
			isa = XCBuildConfiguration;
			buildSettings = {
				ASSETCATALOG_COMPILER_APPICON_NAME = AppIcon;
				CODE_SIGN_ENTITLEMENTS = hexagonest/hexagonest.entitlements;
				CODE_SIGN_STYLE = Manual;
				DERIVE_MACCATALYST_PRODUCT_BUNDLE_IDENTIFIER = YES;
				DEVELOPMENT_TEAM = "";
				INFOPLIST_FILE = hexagonest/Info.plist;
				IPHONEOS_DEPLOYMENT_TARGET = 9.0;
				LD_RUNPATH_SEARCH_PATHS = (
					"$(inherited)",
					"@executable_path/Frameworks",
				);
				PRODUCT_BUNDLE_IDENTIFIER = com.pixelomer.hexagonest;
				PRODUCT_NAME = "$(TARGET_NAME)";
				PROVISIONING_PROFILE_SPECIFIER = "";
				"PROVISIONING_PROFILE_SPECIFIER[sdk=macosx*]" = "";
				SUPPORTS_MACCATALYST = YES;
				TARGETED_DEVICE_FAMILY = "1,2";
			};
			name = Debug;
		};
		CEB90BB124102FFE00A06D7A /* Release */ = {
			isa = XCBuildConfiguration;
			buildSettings = {
				ASSETCATALOG_COMPILER_APPICON_NAME = AppIcon;
				CODE_SIGN_ENTITLEMENTS = hexagonest/hexagonest.entitlements;
				CODE_SIGN_STYLE = Manual;
				DERIVE_MACCATALYST_PRODUCT_BUNDLE_IDENTIFIER = YES;
				DEVELOPMENT_TEAM = "";
				INFOPLIST_FILE = hexagonest/Info.plist;
				IPHONEOS_DEPLOYMENT_TARGET = 9.0;
				LD_RUNPATH_SEARCH_PATHS = (
					"$(inherited)",
					"@executable_path/Frameworks",
				);
				PRODUCT_BUNDLE_IDENTIFIER = com.pixelomer.hexagonest;
				PRODUCT_NAME = "$(TARGET_NAME)";
				PROVISIONING_PROFILE_SPECIFIER = "";
				"PROVISIONING_PROFILE_SPECIFIER[sdk=macosx*]" = "";
				SUPPORTS_MACCATALYST = YES;
				TARGETED_DEVICE_FAMILY = "1,2";
			};
			name = Release;
		};
/* End XCBuildConfiguration section */

/* Begin XCConfigurationList section */
		CEB90B9124102FFC00A06D7A /* Build configuration list for PBXProject "hexagonest" */ = {
			isa = XCConfigurationList;
			buildConfigurations = (
				CEB90BAD24102FFE00A06D7A /* Debug */,
				CEB90BAE24102FFE00A06D7A /* Release */,
			);
			defaultConfigurationIsVisible = 0;
			defaultConfigurationName = Release;
		};
		CEB90BAF24102FFE00A06D7A /* Build configuration list for PBXNativeTarget "hexagonest" */ = {
			isa = XCConfigurationList;
			buildConfigurations = (
				CEB90BB024102FFE00A06D7A /* Debug */,
				CEB90BB124102FFE00A06D7A /* Release */,
			);
			defaultConfigurationIsVisible = 0;
			defaultConfigurationName = Release;
		};
/* End XCConfigurationList section */
	};
	rootObject = CEB90B8E24102FFC00A06D7A /* Project object */;
}
